
Microsoft Visual Studio Solution File, Format Version 12.00
Project("{FAE04EC0-301F-11D3-BF4B-00C04F79EFBC}") = "WebApplication1", "WebApplication1\WebApplication1.csproj", "{ADF9E5E3-BE98-4B85-8545-D74BB7A7183F}"
EndProject
Global
	GlobalSection(SolutionConfigurationPlatforms) = preSolution
		Debug|Any CPU = Debug|Any CPU
		Release|Any CPU = Release|Any CPU
	EndGlobalSection
	GlobalSection(ProjectConfigurationPlatforms) = postSolution
		{ADF9E5E3-BE98-4B85-8545-D74BB7A7183F}.Debug|Any CPU.ActiveCfg = Debug|Any CPU
		{ADF9E5E3-BE98-4B85-8545-D74BB7A7183F}.Debug|Any CPU.Build.0 = Debug|Any CPU
		{ADF9E5E3-BE98-4B85-8545-D74BB7A7183F}.Release|Any CPU.ActiveCfg = Release|Any CPU
		{ADF9E5E3-BE98-4B85-8545-D74BB7A7183F}.Release|Any CPU.Build.0 = Release|Any CPU
	EndGlobalSection
EndGlobal
